
Microsoft Visual Studio Solution File, Format Version 12.00
# Visual Studio Version 17
VisualStudioVersion = 17.5.33414.496
MinimumVisualStudioVersion = 10.0.40219.1
Project("{FAE04EC0-301F-11D3-BF4B-00C04F79EFBC}") = "5.0", "5.0\5.0.csproj", "{5BCE2849-D7B2-40DF-B1B7-C6F1AC10F4BE}"
EndProject
Global
	GlobalSection(SolutionConfigurationPlatforms) = preSolution
		Debug|Any CPU = Debug|Any CPU
		Release|Any CPU = Release|Any CPU
	EndGlobalSection
	GlobalSection(ProjectConfigurationPlatforms) = postSolution
		{5BCE2849-D7B2-40DF-B1B7-C6F1AC10F4BE}.Debug|Any CPU.ActiveCfg = Debug|Any CPU
		{5BCE2849-D7B2-40DF-B1B7-C6F1AC10F4BE}.Debug|Any CPU.Build.0 = Debug|Any CPU
		{5BCE2849-D7B2-40DF-B1B7-C6F1AC10F4BE}.Release|Any CPU.ActiveCfg = Release|Any CPU
		{5BCE2849-D7B2-40DF-B1B7-C6F1AC10F4BE}.Release|Any CPU.Build.0 = Release|Any CPU
	EndGlobalSection
	GlobalSection(SolutionProperties) = preSolution
		HideSolutionNode = FALSE
	EndGlobalSection
	GlobalSection(ExtensibilityGlobals) = postSolution
		SolutionGuid = {C1AA88BA-EC5C-4714-8B53-DC1CCF9BF80B}
	EndGlobalSection
EndGlobal
